// !$*UTF8*$!
{
	archiveVersion = 1;
	classes = {
	};
	objectVersion = 56;
	objects = {

/* Begin PBXBuildFile section */
		77E71CF22AE9A84600C0D166 /* CustomVideoPlayer.swift in Sources */ = {isa = PBXBuildFile; fileRef = 77E71CF12AE9A84600C0D166 /* CustomVideoPlayer.swift */; };
		77E71CF62AE9AA4700C0D166 /* HelloView.swift in Sources */ = {isa = PBXBuildFile; fileRef = 77E71CF52AE9AA4700C0D166 /* HelloView.swift */; };
		77E71CFF2AE9B2B600C0D166 /* BadgeView.swift in Sources */ = {isa = PBXBuildFile; fileRef = 77E71CFE2AE9B2B600C0D166 /* BadgeView.swift */; };
		77E71D032AE9C00F00C0D166 /* VT323-Regular.ttf in Resources */ = {isa = PBXBuildFile; fileRef = 77E71D022AE9C00F00C0D166 /* VT323-Regular.ttf */; };
		77E71D052AE9C22E00C0D166 /* output2.mov in Resources */ = {isa = PBXBuildFile; fileRef = 77E71D042AE9C22E00C0D166 /* output2.mov */; };
		DA12E8942AE9BB020049624C /* TimerView.swift in Sources */ = {isa = PBXBuildFile; fileRef = DA12E8932AE9BB020049624C /* TimerView.swift */; };
		DA12E89C2AE9C6A80049624C /* PlanetsView.swift in Sources */ = {isa = PBXBuildFile; fileRef = DA12E89B2AE9C6A80049624C /* PlanetsView.swift */; };
		DA12E89F2AE9C9880049624C /* PlanetModel.swift in Sources */ = {isa = PBXBuildFile; fileRef = DA12E89E2AE9C9880049624C /* PlanetModel.swift */; };
		DA12E8A12AE9C99B0049624C /* PlanetsViewModel.swift in Sources */ = {isa = PBXBuildFile; fileRef = DA12E8A02AE9C99B0049624C /* PlanetsViewModel.swift */; };
		DA1E9B882AE8706C003C3963 /* SkyWalkerApp.swift in Sources */ = {isa = PBXBuildFile; fileRef = DA1E9B872AE8706C003C3963 /* SkyWalkerApp.swift */; };
		DA1E9B8A2AE8706C003C3963 /* ContentView.swift in Sources */ = {isa = PBXBuildFile; fileRef = DA1E9B892AE8706C003C3963 /* ContentView.swift */; };
		DA1E9B8C2AE8706D003C3963 /* Assets.xcassets in Resources */ = {isa = PBXBuildFile; fileRef = DA1E9B8B2AE8706D003C3963 /* Assets.xcassets */; };
		DA1E9B8F2AE8706D003C3963 /* Preview Assets.xcassets in Resources */ = {isa = PBXBuildFile; fileRef = DA1E9B8E2AE8706D003C3963 /* Preview Assets.xcassets */; };
/* End PBXBuildFile section */

/* Begin PBXFileReference section */
		77E71CF12AE9A84600C0D166 /* CustomVideoPlayer.swift */ = {isa = PBXFileReference; lastKnownFileType = sourcecode.swift; path = CustomVideoPlayer.swift; sourceTree = "<group>"; };
		77E71CF52AE9AA4700C0D166 /* HelloView.swift */ = {isa = PBXFileReference; lastKnownFileType = sourcecode.swift; path = HelloView.swift; sourceTree = "<group>"; };
		77E71CFE2AE9B2B600C0D166 /* BadgeView.swift */ = {isa = PBXFileReference; lastKnownFileType = sourcecode.swift; path = BadgeView.swift; sourceTree = "<group>"; };
		77E71D022AE9C00F00C0D166 /* VT323-Regular.ttf */ = {isa = PBXFileReference; lastKnownFileType = file; path = "VT323-Regular.ttf"; sourceTree = "<group>"; };
		77E71D042AE9C22E00C0D166 /* output2.mov */ = {isa = PBXFileReference; lastKnownFileType = video.quicktime; path = output2.mov; sourceTree = "<group>"; };
		DA12E8932AE9BB020049624C /* TimerView.swift */ = {isa = PBXFileReference; lastKnownFileType = sourcecode.swift; path = TimerView.swift; sourceTree = "<group>"; };
		DA12E8972AE9BCE20049624C /* Info.plist */ = {isa = PBXFileReference; lastKnownFileType = text.plist; path = Info.plist; sourceTree = "<group>"; };
		DA12E89B2AE9C6A80049624C /* PlanetsView.swift */ = {isa = PBXFileReference; lastKnownFileType = sourcecode.swift; path = PlanetsView.swift; sourceTree = "<group>"; };
		DA12E89E2AE9C9880049624C /* PlanetModel.swift */ = {isa = PBXFileReference; lastKnownFileType = sourcecode.swift; path = PlanetModel.swift; sourceTree = "<group>"; };
		DA12E8A02AE9C99B0049624C /* PlanetsViewModel.swift */ = {isa = PBXFileReference; lastKnownFileType = sourcecode.swift; path = PlanetsViewModel.swift; sourceTree = "<group>"; };
		DA1E9B842AE8706C003C3963 /* SkyWalker.app */ = {isa = PBXFileReference; explicitFileType = wrapper.application; includeInIndex = 0; path = SkyWalker.app; sourceTree = BUILT_PRODUCTS_DIR; };
		DA1E9B872AE8706C003C3963 /* SkyWalkerApp.swift */ = {isa = PBXFileReference; lastKnownFileType = sourcecode.swift; path = SkyWalkerApp.swift; sourceTree = "<group>"; };
		DA1E9B892AE8706C003C3963 /* ContentView.swift */ = {isa = PBXFileReference; lastKnownFileType = sourcecode.swift; path = ContentView.swift; sourceTree = "<group>"; };
		DA1E9B8B2AE8706D003C3963 /* Assets.xcassets */ = {isa = PBXFileReference; lastKnownFileType = folder.assetcatalog; path = Assets.xcassets; sourceTree = "<group>"; };
		DA1E9B8E2AE8706D003C3963 /* Preview Assets.xcassets */ = {isa = PBXFileReference; lastKnownFileType = folder.assetcatalog; path = "Preview Assets.xcassets"; sourceTree = "<group>"; };
/* End PBXFileReference section */

/* Begin PBXFrameworksBuildPhase section */
		DA1E9B812AE8706C003C3963 /* Frameworks */ = {
			isa = PBXFrameworksBuildPhase;
			buildActionMask = 2147483647;
			files = (
			);
			runOnlyForDeploymentPostprocessing = 0;
		};
/* End PBXFrameworksBuildPhase section */

/* Begin PBXGroup section */
		77E71CE52AE90C7D00C0D166 /* MainScreenView */ = {
			isa = PBXGroup;
			children = (
				77E71CF52AE9AA4700C0D166 /* HelloView.swift */,
			);
			path = MainScreenView;
			sourceTree = "<group>";
		};
		DA12E8982AE9BE930049624C /* Resources */ = {
			isa = PBXGroup;
			children = (
				77E71D042AE9C22E00C0D166 /* output2.mov */,
				77E71D022AE9C00F00C0D166 /* VT323-Regular.ttf */,
			);
			path = Resources;
			sourceTree = "<group>";
		};
		DA12E89A2AE9C2D50049624C /* TimerView */ = {
			isa = PBXGroup;
			children = (
				DA12E8932AE9BB020049624C /* TimerView.swift */,
			);
			path = TimerView;
			sourceTree = "<group>";
		};
		DA12E89D2AE9C9710049624C /* PlanetsView */ = {
			isa = PBXGroup;
			children = (
				DA12E89B2AE9C6A80049624C /* PlanetsView.swift */,
				DA12E89E2AE9C9880049624C /* PlanetModel.swift */,
				DA12E8A02AE9C99B0049624C /* PlanetsViewModel.swift */,
			);
			path = PlanetsView;
			sourceTree = "<group>";
		};
		DA12E8A22AE9D8010049624C /* BackgroundView */ = {
			isa = PBXGroup;
			children = (
				77E71CF12AE9A84600C0D166 /* CustomVideoPlayer.swift */,
			);
			path = BackgroundView;
			sourceTree = "<group>";
		};
		DA12E8A32AE9D8570049624C /* StatisticsView */ = {
			isa = PBXGroup;
			children = (
				77E71CFE2AE9B2B600C0D166 /* BadgeView.swift */,
			);
			path = StatisticsView;
			sourceTree = "<group>";
		};
		DA1E9B7B2AE8706C003C3963 = {
			isa = PBXGroup;
			children = (
				DA1E9B862AE8706C003C3963 /* SkyWalker */,
				DA1E9B852AE8706C003C3963 /* Products */,
			);
			sourceTree = "<group>";
		};
		DA1E9B852AE8706C003C3963 /* Products */ = {
			isa = PBXGroup;
			children = (
				DA1E9B842AE8706C003C3963 /* SkyWalker.app */,
			);
			name = Products;
			sourceTree = "<group>";
		};
		DA1E9B862AE8706C003C3963 /* SkyWalker */ = {
			isa = PBXGroup;
			children = (
				DA12E8972AE9BCE20049624C /* Info.plist */,
				77E71CE52AE90C7D00C0D166 /* MainScreenView */,
				DA12E89D2AE9C9710049624C /* PlanetsView */,
				DA12E89A2AE9C2D50049624C /* TimerView */,
				DA1E9B872AE8706C003C3963 /* SkyWalkerApp.swift */,
				DA1E9B892AE8706C003C3963 /* ContentView.swift */,
				DA12E8A32AE9D8570049624C /* StatisticsView */,
				DA12E8A22AE9D8010049624C /* BackgroundView */,
				DA12E8982AE9BE930049624C /* Resources */,
				DA1E9B8B2AE8706D003C3963 /* Assets.xcassets */,
				DA1E9B8D2AE8706D003C3963 /* Preview Content */,
			);
			path = SkyWalker;
			sourceTree = "<group>";
		};
		DA1E9B8D2AE8706D003C3963 /* Preview Content */ = {
			isa = PBXGroup;
			children = (
				DA1E9B8E2AE8706D003C3963 /* Preview Assets.xcassets */,
			);
			path = "Preview Content";
			sourceTree = "<group>";
		};
/* End PBXGroup section */

/* Begin PBXNativeTarget section */
		DA1E9B832AE8706C003C3963 /* SkyWalker */ = {
			isa = PBXNativeTarget;
			buildConfigurationList = DA1E9B922AE8706D003C3963 /* Build configuration list for PBXNativeTarget "SkyWalker" */;
			buildPhases = (
				DA1E9B802AE8706C003C3963 /* Sources */,
				DA1E9B812AE8706C003C3963 /* Frameworks */,
				DA1E9B822AE8706C003C3963 /* Resources */,
			);
			buildRules = (
			);
			dependencies = (
			);
			name = SkyWalker;
			productName = SkyWalker;
			productReference = DA1E9B842AE8706C003C3963 /* SkyWalker.app */;
			productType = "com.apple.product-type.application";
		};
/* End PBXNativeTarget section */

/* Begin PBXProject section */
		DA1E9B7C2AE8706C003C3963 /* Project object */ = {
			isa = PBXProject;
			attributes = {
				BuildIndependentTargetsInParallel = 1;
				LastSwiftUpdateCheck = 1500;
				LastUpgradeCheck = 1500;
				TargetAttributes = {
					DA1E9B832AE8706C003C3963 = {
						CreatedOnToolsVersion = 15.0.1;
					};
				};
			};
			buildConfigurationList = DA1E9B7F2AE8706C003C3963 /* Build configuration list for PBXProject "SkyWalker" */;
			compatibilityVersion = "Xcode 14.0";
			developmentRegion = en;
			hasScannedForEncodings = 0;
			knownRegions = (
				en,
				Base,
			);
			mainGroup = DA1E9B7B2AE8706C003C3963;
			productRefGroup = DA1E9B852AE8706C003C3963 /* Products */;
			projectDirPath = "";
			projectRoot = "";
			targets = (
				DA1E9B832AE8706C003C3963 /* SkyWalker */,
			);
		};
/* End PBXProject section */

/* Begin PBXResourcesBuildPhase section */
		DA1E9B822AE8706C003C3963 /* Resources */ = {
			isa = PBXResourcesBuildPhase;
			buildActionMask = 2147483647;
			files = (
				DA1E9B8F2AE8706D003C3963 /* Preview Assets.xcassets in Resources */,
				77E71D032AE9C00F00C0D166 /* VT323-Regular.ttf in Resources */,
				77E71D052AE9C22E00C0D166 /* output2.mov in Resources */,
				DA1E9B8C2AE8706D003C3963 /* Assets.xcassets in Resources */,
			);
			runOnlyForDeploymentPostprocessing = 0;
		};
/* End PBXResourcesBuildPhase section */

/* Begin PBXSourcesBuildPhase section */
		DA1E9B802AE8706C003C3963 /* Sources */ = {
			isa = PBXSourcesBuildPhase;
			buildActionMask = 2147483647;
			files = (
				DA12E89C2AE9C6A80049624C /* PlanetsView.swift in Sources */,
				DA12E89F2AE9C9880049624C /* PlanetModel.swift in Sources */,
				77E71CF62AE9AA4700C0D166 /* HelloView.swift in Sources */,
				DA1E9B8A2AE8706C003C3963 /* ContentView.swift in Sources */,
				DA12E8942AE9BB020049624C /* TimerView.swift in Sources */,
				DA1E9B882AE8706C003C3963 /* SkyWalkerApp.swift in Sources */,
				77E71CF22AE9A84600C0D166 /* CustomVideoPlayer.swift in Sources */,
				DA12E8A12AE9C99B0049624C /* PlanetsViewModel.swift in Sources */,
				77E71CFF2AE9B2B600C0D166 /* BadgeView.swift in Sources */,
			);
			runOnlyForDeploymentPostprocessing = 0;
		};
/* End PBXSourcesBuildPhase section */

/* Begin XCBuildConfiguration section */
		DA1E9B902AE8706D003C3963 /* Debug */ = {
			isa = XCBuildConfiguration;
			buildSettings = {
				ALWAYS_SEARCH_USER_PATHS = NO;
				ASSETCATALOG_COMPILER_GENERATE_SWIFT_ASSET_SYMBOL_EXTENSIONS = YES;
				CLANG_ANALYZER_NONNULL = YES;
				CLANG_ANALYZER_NUMBER_OBJECT_CONVERSION = YES_AGGRESSIVE;
				CLANG_CXX_LANGUAGE_STANDARD = "gnu++20";
				CLANG_ENABLE_MODULES = YES;
				CLANG_ENABLE_OBJC_ARC = YES;
				CLANG_ENABLE_OBJC_WEAK = YES;
				CLANG_WARN_BLOCK_CAPTURE_AUTORELEASING = YES;
				CLANG_WARN_BOOL_CONVERSION = YES;
				CLANG_WARN_COMMA = YES;
				CLANG_WARN_CONSTANT_CONVERSION = YES;
				CLANG_WARN_DEPRECATED_OBJC_IMPLEMENTATIONS = YES;
				CLANG_WARN_DIRECT_OBJC_ISA_USAGE = YES_ERROR;
				CLANG_WARN_DOCUMENTATION_COMMENTS = YES;
				CLANG_WARN_EMPTY_BODY = YES;
				CLANG_WARN_ENUM_CONVERSION = YES;
				CLANG_WARN_INFINITE_RECURSION = YES;
				CLANG_WARN_INT_CONVERSION = YES;
				CLANG_WARN_NON_LITERAL_NULL_CONVERSION = YES;
				CLANG_WARN_OBJC_IMPLICIT_RETAIN_SELF = YES;
				CLANG_WARN_OBJC_LITERAL_CONVERSION = YES;
				CLANG_WARN_OBJC_ROOT_CLASS = YES_ERROR;
				CLANG_WARN_QUOTED_INCLUDE_IN_FRAMEWORK_HEADER = YES;
				CLANG_WARN_RANGE_LOOP_ANALYSIS = YES;
				CLANG_WARN_STRICT_PROTOTYPES = YES;
				CLANG_WARN_SUSPICIOUS_MOVE = YES;
				CLANG_WARN_UNGUARDED_AVAILABILITY = YES_AGGRESSIVE;
				CLANG_WARN_UNREACHABLE_CODE = YES;
				CLANG_WARN__DUPLICATE_METHOD_MATCH = YES;
				COPY_PHASE_STRIP = NO;
				DEBUG_INFORMATION_FORMAT = dwarf;
				ENABLE_STRICT_OBJC_MSGSEND = YES;
				ENABLE_TESTABILITY = YES;
				ENABLE_USER_SCRIPT_SANDBOXING = YES;
				GCC_C_LANGUAGE_STANDARD = gnu17;
				GCC_DYNAMIC_NO_PIC = NO;
				GCC_NO_COMMON_BLOCKS = YES;
				GCC_OPTIMIZATION_LEVEL = 0;
				GCC_PREPROCESSOR_DEFINITIONS = (
					"DEBUG=1",
					"$(inherited)",
				);
				GCC_WARN_64_TO_32_BIT_CONVERSION = YES;
				GCC_WARN_ABOUT_RETURN_TYPE = YES_ERROR;
				GCC_WARN_UNDECLARED_SELECTOR = YES;
				GCC_WARN_UNINITIALIZED_AUTOS = YES_AGGRESSIVE;
				GCC_WARN_UNUSED_FUNCTION = YES;
				GCC_WARN_UNUSED_VARIABLE = YES;
				IPHONEOS_DEPLOYMENT_TARGET = 17.0;
				LOCALIZATION_PREFERS_STRING_CATALOGS = YES;
				MTL_ENABLE_DEBUG_INFO = INCLUDE_SOURCE;
				MTL_FAST_MATH = YES;
				ONLY_ACTIVE_ARCH = YES;
				SDKROOT = iphoneos;
				SWIFT_ACTIVE_COMPILATION_CONDITIONS = "DEBUG $(inherited)";
				SWIFT_OPTIMIZATION_LEVEL = "-Onone";
			};
			name = Debug;
		};
		DA1E9B912AE8706D003C3963 /* Release */ = {
			isa = XCBuildConfiguration;
			buildSettings = {
				ALWAYS_SEARCH_USER_PATHS = NO;
				ASSETCATALOG_COMPILER_GENERATE_SWIFT_ASSET_SYMBOL_EXTENSIONS = YES;
				CLANG_ANALYZER_NONNULL = YES;
				CLANG_ANALYZER_NUMBER_OBJECT_CONVERSION = YES_AGGRESSIVE;
				CLANG_CXX_LANGUAGE_STANDARD = "gnu++20";
				CLANG_ENABLE_MODULES = YES;
				CLANG_ENABLE_OBJC_ARC = YES;
				CLANG_ENABLE_OBJC_WEAK = YES;
				CLANG_WARN_BLOCK_CAPTURE_AUTORELEASING = YES;
				CLANG_WARN_BOOL_CONVERSION = YES;
				CLANG_WARN_COMMA = YES;
				CLANG_WARN_CONSTANT_CONVERSION = YES;
				CLANG_WARN_DEPRECATED_OBJC_IMPLEMENTATIONS = YES;
				CLANG_WARN_DIRECT_OBJC_ISA_USAGE = YES_ERROR;
				CLANG_WARN_DOCUMENTATION_COMMENTS = YES;
				CLANG_WARN_EMPTY_BODY = YES;
				CLANG_WARN_ENUM_CONVERSION = YES;
				CLANG_WARN_INFINITE_RECURSION = YES;
				CLANG_WARN_INT_CONVERSION = YES;
				CLANG_WARN_NON_LITERAL_NULL_CONVERSION = YES;
				CLANG_WARN_OBJC_IMPLICIT_RETAIN_SELF = YES;
				CLANG_WARN_OBJC_LITERAL_CONVERSION = YES;
				CLANG_WARN_OBJC_ROOT_CLASS = YES_ERROR;
				CLANG_WARN_QUOTED_INCLUDE_IN_FRAMEWORK_HEADER = YES;
				CLANG_WARN_RANGE_LOOP_ANALYSIS = YES;
				CLANG_WARN_STRICT_PROTOTYPES = YES;
				CLANG_WARN_SUSPICIOUS_MOVE = YES;
				CLANG_WARN_UNGUARDED_AVAILABILITY = YES_AGGRESSIVE;
				CLANG_WARN_UNREACHABLE_CODE = YES;
				CLANG_WARN__DUPLICATE_METHOD_MATCH = YES;
				COPY_PHASE_STRIP = NO;
				DEBUG_INFORMATION_FORMAT = "dwarf-with-dsym";
				ENABLE_NS_ASSERTIONS = NO;
				ENABLE_STRICT_OBJC_MSGSEND = YES;
				ENABLE_USER_SCRIPT_SANDBOXING = YES;
				GCC_C_LANGUAGE_STANDARD = gnu17;
				GCC_NO_COMMON_BLOCKS = YES;
				GCC_WARN_64_TO_32_BIT_CONVERSION = YES;
				GCC_WARN_ABOUT_RETURN_TYPE = YES_ERROR;
				GCC_WARN_UNDECLARED_SELECTOR = YES;
				GCC_WARN_UNINITIALIZED_AUTOS = YES_AGGRESSIVE;
				GCC_WARN_UNUSED_FUNCTION = YES;
				GCC_WARN_UNUSED_VARIABLE = YES;
				IPHONEOS_DEPLOYMENT_TARGET = 17.0;
				LOCALIZATION_PREFERS_STRING_CATALOGS = YES;
				MTL_ENABLE_DEBUG_INFO = NO;
				MTL_FAST_MATH = YES;
				SDKROOT = iphoneos;
				SWIFT_COMPILATION_MODE = wholemodule;
				VALIDATE_PRODUCT = YES;
			};
			name = Release;
		};
		DA1E9B932AE8706D003C3963 /* Debug */ = {
			isa = XCBuildConfiguration;
			buildSettings = {
				ASSETCATALOG_COMPILER_APPICON_NAME = AppIcon;
				ASSETCATALOG_COMPILER_GLOBAL_ACCENT_COLOR_NAME = AccentColor;
				CODE_SIGN_IDENTITY = "Apple Development";
				CODE_SIGN_STYLE = Automatic;
				CURRENT_PROJECT_VERSION = 1;
				DEVELOPMENT_ASSET_PATHS = "\"SkyWalker/Preview Content\"";
				DEVELOPMENT_TEAM = V2LC7G5D42;
				ENABLE_PREVIEWS = YES;
				GENERATE_INFOPLIST_FILE = YES;
				INFOPLIST_FILE = SkyWalker/Info.plist;
				INFOPLIST_KEY_UIApplicationSceneManifest_Generation = YES;
				INFOPLIST_KEY_UIApplicationSupportsIndirectInputEvents = YES;
				INFOPLIST_KEY_UILaunchScreen_Generation = YES;
				INFOPLIST_KEY_UISupportedInterfaceOrientations_iPad = "UIInterfaceOrientationPortrait UIInterfaceOrientationPortraitUpsideDown UIInterfaceOrientationLandscapeLeft UIInterfaceOrientationLandscapeRight";
				INFOPLIST_KEY_UISupportedInterfaceOrientations_iPhone = "UIInterfaceOrientationPortrait UIInterfaceOrientationLandscapeLeft UIInterfaceOrientationLandscapeRight";
				IPHONEOS_DEPLOYMENT_TARGET = 16.0;
				LD_RUNPATH_SEARCH_PATHS = (
					"$(inherited)",
					"@executable_path/Frameworks",
				);
				MARKETING_VERSION = 1.0;
				PRODUCT_BUNDLE_IDENTIFIER = developer.academy.SkyWalker;
				PRODUCT_NAME = "$(TARGET_NAME)";
				PROVISIONING_PROFILE_SPECIFIER = "";
				SWIFT_EMIT_LOC_STRINGS = YES;
				SWIFT_VERSION = 5.0;
				TARGETED_DEVICE_FAMILY = "1,2";
			};
			name = Debug;
		};
		DA1E9B942AE8706D003C3963 /* Release */ = {
			isa = XCBuildConfiguration;
			buildSettings = {
				ASSETCATALOG_COMPILER_APPICON_NAME = AppIcon;
				ASSETCATALOG_COMPILER_GLOBAL_ACCENT_COLOR_NAME = AccentColor;
				CODE_SIGN_IDENTITY = "Apple Development";
				CODE_SIGN_STYLE = Automatic;
				CURRENT_PROJECT_VERSION = 1;
				DEVELOPMENT_ASSET_PATHS = "\"SkyWalker/Preview Content\"";
				DEVELOPMENT_TEAM = V2LC7G5D42;
				ENABLE_PREVIEWS = YES;
				GENERATE_INFOPLIST_FILE = YES;
				INFOPLIST_FILE = SkyWalker/Info.plist;
				INFOPLIST_KEY_UIApplicationSceneManifest_Generation = YES;
				INFOPLIST_KEY_UIApplicationSupportsIndirectInputEvents = YES;
				INFOPLIST_KEY_UILaunchScreen_Generation = YES;
				INFOPLIST_KEY_UISupportedInterfaceOrientations_iPad = "UIInterfaceOrientationPortrait UIInterfaceOrientationPortraitUpsideDown UIInterfaceOrientationLandscapeLeft UIInterfaceOrientationLandscapeRight";
				INFOPLIST_KEY_UISupportedInterfaceOrientations_iPhone = "UIInterfaceOrientationPortrait UIInterfaceOrientationLandscapeLeft UIInterfaceOrientationLandscapeRight";
				IPHONEOS_DEPLOYMENT_TARGET = 16.0;
				LD_RUNPATH_SEARCH_PATHS = (
					"$(inherited)",
					"@executable_path/Frameworks",
				);
				MARKETING_VERSION = 1.0;
				PRODUCT_BUNDLE_IDENTIFIER = developer.academy.SkyWalker;
				PRODUCT_NAME = "$(TARGET_NAME)";
				PROVISIONING_PROFILE_SPECIFIER = "";
				SWIFT_EMIT_LOC_STRINGS = YES;
				SWIFT_VERSION = 5.0;
				TARGETED_DEVICE_FAMILY = "1,2";
			};
			name = Release;
		};
/* End XCBuildConfiguration section */

/* Begin XCConfigurationList section */
		DA1E9B7F2AE8706C003C3963 /* Build configuration list for PBXProject "SkyWalker" */ = {
			isa = XCConfigurationList;
			buildConfigurations = (
				DA1E9B902AE8706D003C3963 /* Debug */,
				DA1E9B912AE8706D003C3963 /* Release */,
			);
			defaultConfigurationIsVisible = 0;
			defaultConfigurationName = Release;
		};
		DA1E9B922AE8706D003C3963 /* Build configuration list for PBXNativeTarget "SkyWalker" */ = {
			isa = XCConfigurationList;
			buildConfigurations = (
				DA1E9B932AE8706D003C3963 /* Debug */,
				DA1E9B942AE8706D003C3963 /* Release */,
			);
			defaultConfigurationIsVisible = 0;
			defaultConfigurationName = Release;
		};
/* End XCConfigurationList section */
	};
	rootObject = DA1E9B7C2AE8706C003C3963 /* Project object */;
}
